
Microsoft Visual Studio Solution File, Format Version 12.00
# Visual Studio 2012
Project("{FAE04EC0-301F-11D3-BF4B-00C04F79EFBC}") = "BForWebApplication", "BForWebApplication\BForWebApplication.csproj", "{C9F26544-5A4D-49CD-9784-5C71686FE10F}"
EndProject
Project("{FAE04EC0-301F-11D3-BF4B-00C04F79EFBC}") = "BussinesLayer", "BussinesLayer\BussinesLayer.csproj", "{EF8B0BB3-EFE2-410A-9E67-3DF873BF25B3}"
EndProject
Project("{FAE04EC0-301F-11D3-BF4B-00C04F79EFBC}") = "DataLayer", "DataLayer\DataLayer.csproj", "{23F8D45E-8332-4F44-9821-C103D288B835}"
EndProject
Global
	GlobalSection(SolutionConfigurationPlatforms) = preSolution
		Debug|Any CPU = Debug|Any CPU
		Release|Any CPU = Release|Any CPU
	EndGlobalSection
	GlobalSection(ProjectConfigurationPlatforms) = postSolution
		{C9F26544-5A4D-49CD-9784-5C71686FE10F}.Debug|Any CPU.ActiveCfg = Debug|Any CPU
		{C9F26544-5A4D-49CD-9784-5C71686FE10F}.Debug|Any CPU.Build.0 = Debug|Any CPU
		{C9F26544-5A4D-49CD-9784-5C71686FE10F}.Release|Any CPU.ActiveCfg = Release|Any CPU
		{C9F26544-5A4D-49CD-9784-5C71686FE10F}.Release|Any CPU.Build.0 = Release|Any CPU
		{EF8B0BB3-EFE2-410A-9E67-3DF873BF25B3}.Debug|Any CPU.ActiveCfg = Debug|Any CPU
		{EF8B0BB3-EFE2-410A-9E67-3DF873BF25B3}.Debug|Any CPU.Build.0 = Debug|Any CPU
		{EF8B0BB3-EFE2-410A-9E67-3DF873BF25B3}.Release|Any CPU.ActiveCfg = Release|Any CPU
		{EF8B0BB3-EFE2-410A-9E67-3DF873BF25B3}.Release|Any CPU.Build.0 = Release|Any CPU
		{23F8D45E-8332-4F44-9821-C103D288B835}.Debug|Any CPU.ActiveCfg = Debug|Any CPU
		{23F8D45E-8332-4F44-9821-C103D288B835}.Debug|Any CPU.Build.0 = Debug|Any CPU
		{23F8D45E-8332-4F44-9821-C103D288B835}.Release|Any CPU.ActiveCfg = Release|Any CPU
		{23F8D45E-8332-4F44-9821-C103D288B835}.Release|Any CPU.Build.0 = Release|Any CPU
	EndGlobalSection
	GlobalSection(SolutionProperties) = preSolution
		HideSolutionNode = FALSE
	EndGlobalSection
EndGlobal
